PODS:
  - Alamofire (4.9.1)
  - FacebookCore (0.9.0):
    - FBSDKCoreKit (~> 5.0)
  - FBSDKCoreKit (5.15.1):
    - FBSDKCoreKit/Basics (= 5.15.1)
    - FBSDKCoreKit/Core (= 5.15.1)
  - FBSDKCoreKit/Basics (5.15.1)
  - FBSDKCoreKit/Core (5.15.1):
    - FBSDKCoreKit/Basics
  - Firebase/Analytics (6.13.0):
    - Firebase/Core
  - Firebase/Core (6.13.0):
    - Firebase/CoreOnly
    - FirebaseAnalytics (= 6.1.6)
  - Firebase/CoreOnly (6.13.0):
    - FirebaseCore (= 6.4.0)
  - FirebaseAnalytics (6.1.6):
    - FirebaseCore (~> 6.4)
    - FirebaseInstanceID (~> 4.2)
    - GoogleAppMeasurement (= 6.1.6)
    - GoogleUtilities/AppDelegateSwizzler (~> 6.0)
    - GoogleUtilities/MethodSwizzler (~> 6.0)
    - GoogleUtilities/Network (~> 6.0)
    - "GoogleUtilities/NSData+zlib (~> 6.0)"
    - nanopb (= 0.3.9011)
  - FirebaseCore (6.4.0):
    - FirebaseCoreDiagnostics (~> 1.0)
    - FirebaseCoreDiagnosticsInterop (~> 1.0)
    - GoogleUtilities/Environment (~> 6.2)
    - GoogleUtilities/Logger (~> 6.2)
  - FirebaseCoreDiagnostics (1.1.2):
    - FirebaseCoreDiagnosticsInterop (~> 1.0)
    - GoogleDataTransportCCTSupport (~> 1.0)
    - GoogleUtilities/Environment (~> 6.2)
    - GoogleUtilities/Logger (~> 6.2)
    - nanopb (~> 0.3.901)
  - FirebaseCoreDiagnosticsInterop (1.1.0)
  - FirebaseInstanceID (4.2.7):
    - FirebaseCore (~> 6.0)
    - GoogleUtilities/Environment (~> 6.0)
    - GoogleUtilities/UserDefaults (~> 6.0)
  - GoogleAppMeasurement (6.1.6):
    - GoogleUtilities/AppDelegateSwizzler (~> 6.0)
    - GoogleUtilities/MethodSwizzler (~> 6.0)
    - GoogleUtilities/Network (~> 6.0)
    - "GoogleUtilities/NSData+zlib (~> 6.0)"
    - nanopb (= 0.3.9011)
  - GoogleDataTransport (3.2.0)
  - GoogleDataTransportCCTSupport (1.2.2):
    - GoogleDataTransport (~> 3.2)
    - nanopb (~> 0.3.901)
  - GoogleUtilities/AppDelegateSwizzler (6.3.2):
    - GoogleUtilities/Environment
    - GoogleUtilities/Logger
    - GoogleUtilities/Network
  - GoogleUtilities/Environment (6.3.2)
  - GoogleUtilities/Logger (6.3.2):
    - GoogleUtilities/Environment
  - GoogleUtilities/MethodSwizzler (6.3.2):
    - GoogleUtilities/Logger
  - GoogleUtilities/Network (6.3.2):
    - GoogleUtilities/Logger
    - "GoogleUtilities/NSData+zlib"
    - GoogleUtilities/Reachability
  - "GoogleUtilities/NSData+zlib (6.3.2)"
  - GoogleUtilities/Reachability (6.3.2):
    - GoogleUtilities/Logger
  - GoogleUtilities/UserDefaults (6.3.2):
    - GoogleUtilities/Logger
  - KeychainAccess (3.2.0)
  - Kingfisher (5.7.0)
  - MDFoundation (1.0.0):
    - MDFoundation/Source (= 1.0.0)
  - MDFoundation/Source (1.0.0)
  - Moya (13.0.1):
    - Moya/Core (= 13.0.1)
  - Moya/Core (13.0.1):
    - Alamofire (~> 4.1)
    - Result (~> 4.1)
  - nanopb (0.3.9011):
    - nanopb/decode (= 0.3.9011)
    - nanopb/encode (= 0.3.9011)
  - nanopb/decode (0.3.9011)
  - nanopb/encode (0.3.9011)
  - Result (4.1.0)
  - SnapKit (5.0.1)
  - Storable (1.0):
    - KeychainAccess
    - Storable/Source (= 1.0)
    - SwiftyUserDefaults
  - Storable/Source (1.0):
    - KeychainAccess
    - SwiftyUserDefaults
  - SwiftAudio (0.11.2)
  - SwiftyUserDefaults (4.0.0)
  - YandexMobileMetrica (3.9.4):
    - YandexMobileMetrica/Static (= 3.9.4)
  - YandexMobileMetrica/Static (3.9.4):
    - YandexMobileMetrica/Static/Core (= 3.9.4)
    - YandexMobileMetrica/Static/Crashes (= 3.9.4)
  - YandexMobileMetrica/Static/Core (3.9.4)
  - YandexMobileMetrica/Static/Crashes (3.9.4):
    - YandexMobileMetrica/Static/Core

DEPENDENCIES:
  - FacebookCore
  - Firebase/Analytics
  - KeychainAccess (= 3.2.0)
  - Kingfisher (= 5.7.0)
  - MDFoundation (from `https://github.com/NGdev1/MDFoundation.git`, tag `v1.0.0`)
  - Moya (~> 13.0)
  - SnapKit (~> 5.0.0)
  - Storable (from `./Storable`)
  - SwiftAudio (~> 0.11.2)
  - SwiftyUserDefaults (= 4.0.0)
  - YandexMobileMetrica (= 3.9.4)

SPEC REPOS:
  trunk:
    - Alamofire
    - FacebookCore
    - FBSDKCoreKit
    - Firebase
    - FirebaseAnalytics
    - FirebaseCore
    - FirebaseCoreDiagnostics
    - FirebaseCoreDiagnosticsInterop
    - FirebaseInstanceID
    - GoogleAppMeasurement
    - GoogleDataTransport
    - GoogleDataTransportCCTSupport
    - GoogleUtilities
    - KeychainAccess
    - Kingfisher
    - Moya
    - nanopb
    - Result
    - SnapKit
    - SwiftAudio
    - SwiftyUserDefaults
    - YandexMobileMetrica

EXTERNAL SOURCES:
  MDFoundation:
    :git: https://github.com/NGdev1/MDFoundation.git
    :tag: v1.0.0
  Storable:
    :path: "./Storable"

CHECKOUT OPTIONS:
  MDFoundation:
    :git: https://github.com/NGdev1/MDFoundation.git
    :tag: v1.0.0

SPEC CHECKSUMS:
  Alamofire: 85e8a02c69d6020a0d734f6054870d7ecb75cf18
  FacebookCore: ba86524b66cfa86d0f8e65d08faa8504a9f732dd
  FBSDKCoreKit: 1d5acf7c9d7a2f92bb1a242dc60cae5b7adb91df
  Firebase: 458d109512200d1aca2e1b9b6cf7d68a869a4a46
  FirebaseAnalytics: 45f36d9c429fc91d206283900ab75390cd05ee8a
  FirebaseCore: 307ea2508df730c5865334e41965bd9ea344b0e5
  FirebaseCoreDiagnostics: 511f4f3ed7d440bb69127e8b97c2bc8befae639e
  FirebaseCoreDiagnosticsInterop: e9b1b023157e3a2fc6418b5cb601e79b9af7b3a0
  FirebaseInstanceID: ebd2ea79ee38db0cb5f5167b17a0d387e1cc7b6e
  GoogleAppMeasurement: dfe55efa543e899d906309eaaac6ca26d249862f
  GoogleDataTransport: 8e9b210c97d55fbff306cc5468ff91b9cb32dcf5
  GoogleDataTransportCCTSupport: ef79a4728b864946a8aafdbab770d5294faf3b5f
  GoogleUtilities: 547a86735c6f0ee30ad17e94df4fc21f616b71cb
  KeychainAccess: 3b1bf8a77eb4c6ea1ce9404c292e48f948954c6b
  Kingfisher: c7d211b54f1f30d8060aadab177d52b4349c825b
  MDFoundation: b86ead9f37bc74ee278063ed2127b6cdb10a823e
  Moya: f4a4b80ff2f8a4ffc208dfb31cd91636622fee6e
  nanopb: 18003b5e52dab79db540fe93fe9579f399bd1ccd
  Result: bd966fac789cc6c1563440b348ab2598cc24d5c7
  SnapKit: 97b92857e3df3a0c71833cce143274bf6ef8e5eb
  Storable: 433e08b469a6a6cf57d267dcbeb0b0b9a19b3ce0
  SwiftAudio: 217f5f184b27a0e25ff0fe7647021f05a21c06c9
  SwiftyUserDefaults: 6a1951df1daa19337862b677dd9a4b9bd4c288cd
  YandexMobileMetrica: 1030df2959c886a7be3bc3d274eb54c8e86afd6f

PODFILE CHECKSUM: 44a6527ceebd00673417dcaaceb94c1a1cb10311

COCOAPODS: 1.11.3
