PODS:
  - KeychainAccess (3.2.0)
  - Kingfisher (5.7.0)
  - MDFoundation (1.0.5):
    - MDFoundation/Source (= 1.0.5)
    - SnapKit (~> 5.0.0)
  - MDFoundation/Source (1.0.5):
    - SnapKit (~> 5.0.0)
  - SnapKit (5.0.1)
  - Storable (1.0):
    - KeychainAccess
    - Storable/Source (= 1.0)
    - SwiftyUserDefaults
  - Storable/Source (1.0):
    - KeychainAccess
    - SwiftyUserDefaults
  - SwiftAudio (0.11.2)
  - SwiftyUserDefaults (4.0.0)

DEPENDENCIES:
  - KeychainAccess (= 3.2.0)
  - Kingfisher (= 5.7.0)
  - MDFoundation (from `https://github.com/NGdev1/MDFoundation.git`, tag `1.0.6`)
  - SnapKit (~> 5.0.0)
  - Storable (from `./Storable`)
  - SwiftAudio (~> 0.11.2)
  - SwiftyUserDefaults (= 4.0.0)

SPEC REPOS:
  trunk:
    - KeychainAccess
    - Kingfisher
    - SnapKit
    - SwiftAudio
    - SwiftyUserDefaults

EXTERNAL SOURCES:
  MDFoundation:
    :git: https://github.com/NGdev1/MDFoundation.git
    :tag: 1.0.6
  Storable:
    :path: "./Storable"

CHECKOUT OPTIONS:
  MDFoundation:
    :git: https://github.com/NGdev1/MDFoundation.git
    :tag: 1.0.6

SPEC CHECKSUMS:
  KeychainAccess: 3b1bf8a77eb4c6ea1ce9404c292e48f948954c6b
  Kingfisher: c7d211b54f1f30d8060aadab177d52b4349c825b
  MDFoundation: 2745e8ff54bc103b949be44bd64e559ba17f36eb
  SnapKit: 97b92857e3df3a0c71833cce143274bf6ef8e5eb
  Storable: bcb4dad8b5c62ea7c5fdb3e19161855467802bd5
  SwiftAudio: 217f5f184b27a0e25ff0fe7647021f05a21c06c9
  SwiftyUserDefaults: 6a1951df1daa19337862b677dd9a4b9bd4c288cd

PODFILE CHECKSUM: 6ccc8a9cb389aa6f8c2b9f7edcc66157196d7abb

COCOAPODS: 1.8.3
