// !$*UTF8*$!
{
	archiveVersion = 1;
	classes = {
	};
	objectVersion = 51;
	objects = {

/* Begin PBXBuildFile section */
		6B032CE923ED6D8A00662BF5 /* ExtensionUINavigationBar.swift in Sources */ = {isa = PBXBuildFile; fileRef = 6B032CE823ED6D8A00662BF5 /* ExtensionUINavigationBar.swift */; };
		6B032CEB23ED708F00662BF5 /* MainPageView.swift in Sources */ = {isa = PBXBuildFile; fileRef = 6B032CEA23ED708F00662BF5 /* MainPageView.swift */; };
		6B032CEE23ED750F00662BF5 /* MainPageViewModels.swift in Sources */ = {isa = PBXBuildFile; fileRef = 6B032CED23ED750F00662BF5 /* MainPageViewModels.swift */; };
		6B032CF423ED767700662BF5 /* MainPageDataSource.swift in Sources */ = {isa = PBXBuildFile; fileRef = 6B032CF323ED767700662BF5 /* MainPageDataSource.swift */; };
		6B032CF823ED770400662BF5 /* LessonCell.swift in Sources */ = {isa = PBXBuildFile; fileRef = 6B032CF623ED770400662BF5 /* LessonCell.swift */; };
		6B032CF923ED770400662BF5 /* LessonCell.xib in Resources */ = {isa = PBXBuildFile; fileRef = 6B032CF723ED770400662BF5 /* LessonCell.xib */; };
		6B15185A2419145D00C4A272 /* OnboardingController.swift in Sources */ = {isa = PBXBuildFile; fileRef = 6B1518562419145D00C4A272 /* OnboardingController.swift */; };
		6B15185C2419145D00C4A272 /* OnboardingView.swift in Sources */ = {isa = PBXBuildFile; fileRef = 6B1518582419145D00C4A272 /* OnboardingView.swift */; };
		6B15185F2419151500C4A272 /* SlidesDataSource.swift in Sources */ = {isa = PBXBuildFile; fileRef = 6B15185E2419151500C4A272 /* SlidesDataSource.swift */; };
		6B1518652419157000C4A272 /* SlideCell.swift in Sources */ = {isa = PBXBuildFile; fileRef = 6B1518632419157000C4A272 /* SlideCell.swift */; };
		6B1518662419157000C4A272 /* SlideCell.xib in Resources */ = {isa = PBXBuildFile; fileRef = 6B1518642419157000C4A272 /* SlideCell.xib */; };
		6B1518682419159200C4A272 /* OnboardingModels.swift in Sources */ = {isa = PBXBuildFile; fileRef = 6B1518672419159200C4A272 /* OnboardingModels.swift */; };
		6B205A80241FA2990083D934 /* MainPageCellViewModel.swift in Sources */ = {isa = PBXBuildFile; fileRef = 6B205A7F241FA2990083D934 /* MainPageCellViewModel.swift */; };
		6B205A82241FA5E30083D934 /* MainPagePurchaseCellViewModel.swift in Sources */ = {isa = PBXBuildFile; fileRef = 6B205A81241FA5E30083D934 /* MainPagePurchaseCellViewModel.swift */; };
		6B205A84241FBE190083D934 /* StoreKit.framework in Frameworks */ = {isa = PBXBuildFile; fileRef = 6B205A83241FBE190083D934 /* StoreKit.framework */; };
		6B27507B2419B01300FBC8D2 /* TryPremiumView.swift in Sources */ = {isa = PBXBuildFile; fileRef = 6B27507A2419B01300FBC8D2 /* TryPremiumView.swift */; };
		6B27507E2419B03900FBC8D2 /* TryPremiumView.xib in Resources */ = {isa = PBXBuildFile; fileRef = 6B27507D2419B03900FBC8D2 /* TryPremiumView.xib */; };
		6B50D01E240D989900202DA6 /* NotificationNames.swift in Sources */ = {isa = PBXBuildFile; fileRef = 6B50D01D240D989900202DA6 /* NotificationNames.swift */; };
		6B5B8ED523EE96620001A6C3 /* UIView+LoadingView.swift in Sources */ = {isa = PBXBuildFile; fileRef = 6B5B8ED323EE96620001A6C3 /* UIView+LoadingView.swift */; };
		6B5BB156242A74E700279794 /* GoogleService-Info.plist in Resources */ = {isa = PBXBuildFile; fileRef = 6B5BB155242A74E700279794 /* GoogleService-Info.plist */; };
		6B65851323ED5391004016BA /* Lesson.swift in Sources */ = {isa = PBXBuildFile; fileRef = 6B65851223ED5391004016BA /* Lesson.swift */; };
		6B65851723ED53B3004016BA /* MentoryServiceFactory.swift in Sources */ = {isa = PBXBuildFile; fileRef = 6B65851423ED53B2004016BA /* MentoryServiceFactory.swift */; };
		6B65851823ED53B3004016BA /* MainPageServiceMock.swift in Sources */ = {isa = PBXBuildFile; fileRef = 6B65851523ED53B2004016BA /* MainPageServiceMock.swift */; };
		6B65851923ED53B3004016BA /* MainPageServiceProtocol.swift in Sources */ = {isa = PBXBuildFile; fileRef = 6B65851623ED53B3004016BA /* MainPageServiceProtocol.swift */; };
		6B65851F23ED5494004016BA /* Localizable.strings in Resources */ = {isa = PBXBuildFile; fileRef = 6B65852123ED5494004016BA /* Localizable.strings */; };
		6B65852423ED54AC004016BA /* LaunchScreen.storyboard in Resources */ = {isa = PBXBuildFile; fileRef = 6B65852323ED54AC004016BA /* LaunchScreen.storyboard */; };
		6B65852923ED5560004016BA /* README.md in Resources */ = {isa = PBXBuildFile; fileRef = 6B65852823ED5560004016BA /* README.md */; };
		6B65853023ED5726004016BA /* Assets.swift in Sources */ = {isa = PBXBuildFile; fileRef = 6B65852D23ED5726004016BA /* Assets.swift */; };
		6B65853123ED5726004016BA /* Texts.swift in Sources */ = {isa = PBXBuildFile; fileRef = 6B65852E23ED5726004016BA /* Texts.swift */; };
		6B65853223ED5726004016BA /* Fonts.swift in Sources */ = {isa = PBXBuildFile; fileRef = 6B65852F23ED5726004016BA /* Fonts.swift */; };
		6B6840DE245635AC000F3AF1 /* NextInputView.swift in Sources */ = {isa = PBXBuildFile; fileRef = 6B6840DD245635AC000F3AF1 /* NextInputView.swift */; };
		6B689F09241F9D620078FDC7 /* MainPageSectionHeader.swift in Sources */ = {isa = PBXBuildFile; fileRef = 6B689F08241F9D620078FDC7 /* MainPageSectionHeader.swift */; };
		6B72F74024589DCD00A18738 /* PersonalCategoriesDataSource.swift in Sources */ = {isa = PBXBuildFile; fileRef = 6B72F73F24589DCD00A18738 /* PersonalCategoriesDataSource.swift */; };
		6B72F74324589E5C00A18738 /* PersonalCategory.swift in Sources */ = {isa = PBXBuildFile; fileRef = 6B72F74224589E5C00A18738 /* PersonalCategory.swift */; };
		6B72F74524589ECA00A18738 /* PersonalCategoryCell.swift in Sources */ = {isa = PBXBuildFile; fileRef = 6B72F74424589ECA00A18738 /* PersonalCategoryCell.swift */; };
		6B72F74824589F3200A18738 /* MDCheckbox.swift in Sources */ = {isa = PBXBuildFile; fileRef = 6B72F74724589F3200A18738 /* MDCheckbox.swift */; };
		6B72F74A24589F5C00A18738 /* MDCheckmarkView.swift in Sources */ = {isa = PBXBuildFile; fileRef = 6B72F74924589F5C00A18738 /* MDCheckmarkView.swift */; };
		6B72F74C24589FD300A18738 /* ExtensionUIImage.swift in Sources */ = {isa = PBXBuildFile; fileRef = 6B72F74B24589FD300A18738 /* ExtensionUIImage.swift */; };
		6B72F74E2458A06400A18738 /* ExtensionUIView.swift in Sources */ = {isa = PBXBuildFile; fileRef = 6B72F74D2458A06400A18738 /* ExtensionUIView.swift */; };
		6B72F7522458B5B400A18738 /* PersonalizationTitleView.swift in Sources */ = {isa = PBXBuildFile; fileRef = 6B72F7502458B5B400A18738 /* PersonalizationTitleView.swift */; };
		6B72F7532458B5B400A18738 /* PersonalizationTitleView.xib in Resources */ = {isa = PBXBuildFile; fileRef = 6B72F7512458B5B400A18738 /* PersonalizationTitleView.xib */; };
		6B797016243D2C3600BE673E /* ItunesApi.swift in Sources */ = {isa = PBXBuildFile; fileRef = 6B797015243D2C3600BE673E /* ItunesApi.swift */; };
		6B797018243D339800BE673E /* ItunesModels.swift in Sources */ = {isa = PBXBuildFile; fileRef = 6B797017243D339800BE673E /* ItunesModels.swift */; };
		6B7A518523EE3BCE009D3047 /* PlayerController.swift in Sources */ = {isa = PBXBuildFile; fileRef = 6B7A518023EE3BCE009D3047 /* PlayerController.swift */; };
		6B7A518723EE3BCE009D3047 /* PlayerView.swift in Sources */ = {isa = PBXBuildFile; fileRef = 6B7A518223EE3BCE009D3047 /* PlayerView.swift */; };
		6B7A518823EE3BCE009D3047 /* PlayerView.xib in Resources */ = {isa = PBXBuildFile; fileRef = 6B7A518323EE3BCE009D3047 /* PlayerView.xib */; };
		6B7D9D6823FAE521003F7B45 /* NextLessonCell.swift in Sources */ = {isa = PBXBuildFile; fileRef = 6B7D9D6623FAE521003F7B45 /* NextLessonCell.swift */; };
		6B7D9D6923FAE521003F7B45 /* NextLessonCell.xib in Resources */ = {isa = PBXBuildFile; fileRef = 6B7D9D6723FAE521003F7B45 /* NextLessonCell.xib */; };
		6B7D9D6B23FAE92F003F7B45 /* LessonViewDataSource.swift in Sources */ = {isa = PBXBuildFile; fileRef = 6B7D9D6A23FAE92F003F7B45 /* LessonViewDataSource.swift */; };
		6B8CA12124198E8200D122C3 /* OnboardingView.xib in Resources */ = {isa = PBXBuildFile; fileRef = 6B8CA12024198E8200D122C3 /* OnboardingView.xib */; };
		6B8F07FF245317330070B7E1 /* NameController.swift in Sources */ = {isa = PBXBuildFile; fileRef = 6B8F07FA245317330070B7E1 /* NameController.swift */; };
		6B8F0801245317330070B7E1 /* NameView.swift in Sources */ = {isa = PBXBuildFile; fileRef = 6B8F07FD245317330070B7E1 /* NameView.swift */; };
		6B8F0802245317330070B7E1 /* NameView.xib in Resources */ = {isa = PBXBuildFile; fileRef = 6B8F07FE245317330070B7E1 /* NameView.xib */; };
		6B90A773241A896C00B7A7BB /* StyleUtils.swift in Sources */ = {isa = PBXBuildFile; fileRef = 6B90A772241A896C00B7A7BB /* StyleUtils.swift */; };
		6B9A90DA2406A84B0018E4E6 /* BuyController.swift in Sources */ = {isa = PBXBuildFile; fileRef = 6B9A90D52406A84A0018E4E6 /* BuyController.swift */; };
		6B9A90DB2406A84B0018E4E6 /* BuyInteractor.swift in Sources */ = {isa = PBXBuildFile; fileRef = 6B9A90D62406A84A0018E4E6 /* BuyInteractor.swift */; };
		6B9A90DC2406A84B0018E4E6 /* BuyView.swift in Sources */ = {isa = PBXBuildFile; fileRef = 6B9A90D72406A84A0018E4E6 /* BuyView.swift */; };
		6B9A90DD2406A84B0018E4E6 /* BuyView.xib in Resources */ = {isa = PBXBuildFile; fileRef = 6B9A90D82406A84A0018E4E6 /* BuyView.xib */; };
		6BA09A7823FA90FC00C95B08 /* mentory_ru.json in Resources */ = {isa = PBXBuildFile; fileRef = 6BA09A7723FA90FC00C95B08 /* mentory_ru.json */; };
		6BA09A7B23FA95A700C95B08 /* DataManager.swift in Sources */ = {isa = PBXBuildFile; fileRef = 6BA09A7A23FA95A700C95B08 /* DataManager.swift */; };
		6BA09A7D23FAA10C00C95B08 /* Track.swift in Sources */ = {isa = PBXBuildFile; fileRef = 6BA09A7C23FAA10C00C95B08 /* Track.swift */; };
		6BA82407240D2C1100536CF4 /* IAPProduct.swift in Sources */ = {isa = PBXBuildFile; fileRef = 6BA82406240D2C1100536CF4 /* IAPProduct.swift */; };
		6BA82409240D2C5500536CF4 /* IAPService.swift in Sources */ = {isa = PBXBuildFile; fileRef = 6BA82408240D2C5500536CF4 /* IAPService.swift */; };
		6BA8240B240D473F00536CF4 /* BuyModels.swift in Sources */ = {isa = PBXBuildFile; fileRef = 6BA8240A240D473F00536CF4 /* BuyModels.swift */; };
		6BA848F823FAB2AC00C6DDEB /* MDHeaderView.swift in Sources */ = {isa = PBXBuildFile; fileRef = 6BA848F723FAB2AC00C6DDEB /* MDHeaderView.swift */; };
		6BA848FC23FAE26D00C6DDEB /* LessonHeaderCell.swift in Sources */ = {isa = PBXBuildFile; fileRef = 6BA848FA23FAE26D00C6DDEB /* LessonHeaderCell.swift */; };
		6BA848FD23FAE26D00C6DDEB /* LessonHeaderCell.xib in Resources */ = {isa = PBXBuildFile; fileRef = 6BA848FB23FAE26D00C6DDEB /* LessonHeaderCell.xib */; };
		6BA8490323FAE2D000C6DDEB /* AudioCell.swift in Sources */ = {isa = PBXBuildFile; fileRef = 6BA8490123FAE2D000C6DDEB /* AudioCell.swift */; };
		6BA8490423FAE2D000C6DDEB /* AudioCell.xib in Resources */ = {isa = PBXBuildFile; fileRef = 6BA8490223FAE2D000C6DDEB /* AudioCell.xib */; };
		6BAB96F823EDA9B400354E39 /* SwipeInteractionController.swift in Sources */ = {isa = PBXBuildFile; fileRef = 6BAB96EF23EDA9B400354E39 /* SwipeInteractionController.swift */; };
		6BAB96F923EDA9B400354E39 /* ViewImageBasedAnimatable.swift in Sources */ = {isa = PBXBuildFile; fileRef = 6BAB96F223EDA9B400354E39 /* ViewImageBasedAnimatable.swift */; };
		6BAB96FA23EDA9B400354E39 /* ImagePopAnimatedTransition.swift in Sources */ = {isa = PBXBuildFile; fileRef = 6BAB96F423EDA9B400354E39 /* ImagePopAnimatedTransition.swift */; };
		6BAB96FB23EDA9B400354E39 /* ImagePushAnimatedTransition.swift in Sources */ = {isa = PBXBuildFile; fileRef = 6BAB96F523EDA9B400354E39 /* ImagePushAnimatedTransition.swift */; };
		6BAB96FC23EDA9B400354E39 /* ImageBasedTransitionManager.swift in Sources */ = {isa = PBXBuildFile; fileRef = 6BAB96F623EDA9B400354E39 /* ImageBasedTransitionManager.swift */; };
		6BAB96FD23EDA9B400354E39 /* ImageBasedContextTransitioning.swift in Sources */ = {isa = PBXBuildFile; fileRef = 6BAB96F723EDA9B400354E39 /* ImageBasedContextTransitioning.swift */; };
		6BAB96FF23EE1DAD00354E39 /* LessonControllerModels.swift in Sources */ = {isa = PBXBuildFile; fileRef = 6BAB96FE23EE1DAD00354E39 /* LessonControllerModels.swift */; };
		6BB322BA2410E70A006CD926 /* ExtensionFloat.swift in Sources */ = {isa = PBXBuildFile; fileRef = 6BB322B92410E70A006CD926 /* ExtensionFloat.swift */; };
		6BC24FAC23ED945B0054C8B9 /* TryPremiumCell.swift in Sources */ = {isa = PBXBuildFile; fileRef = 6BC24FAA23ED945B0054C8B9 /* TryPremiumCell.swift */; };
		6BC24FAD23ED945B0054C8B9 /* TryPremiumCell.xib in Resources */ = {isa = PBXBuildFile; fileRef = 6BC24FAB23ED945B0054C8B9 /* TryPremiumCell.xib */; };
		6BC24FB523EDA5E70054C8B9 /* LessonController.swift in Sources */ = {isa = PBXBuildFile; fileRef = 6BC24FB023EDA5E70054C8B9 /* LessonController.swift */; };
		6BC24FB723EDA5E70054C8B9 /* LessonView.swift in Sources */ = {isa = PBXBuildFile; fileRef = 6BC24FB223EDA5E70054C8B9 /* LessonView.swift */; };
		6BC24FB823EDA5E70054C8B9 /* LessonView.xib in Resources */ = {isa = PBXBuildFile; fileRef = 6BC24FB323EDA5E70054C8B9 /* LessonView.xib */; };
		6BC8872023EB63320046E598 /* AppDelegate.swift in Sources */ = {isa = PBXBuildFile; fileRef = 6BC8871F23EB63320046E598 /* AppDelegate.swift */; };
		6BC8872423EB63320046E598 /* MainPageController.swift in Sources */ = {isa = PBXBuildFile; fileRef = 6BC8872323EB63320046E598 /* MainPageController.swift */; };
		6BC8872923EB63340046E598 /* Assets.xcassets in Resources */ = {isa = PBXBuildFile; fileRef = 6BC8872823EB63340046E598 /* Assets.xcassets */; };
		6BE1B5E023FAAC730052A860 /* mentory_en.json in Resources */ = {isa = PBXBuildFile; fileRef = 6BE1B5DF23FAAC730052A860 /* mentory_en.json */; };
		6BE5A91223ED8B66005D65CC /* TitleCell.swift in Sources */ = {isa = PBXBuildFile; fileRef = 6BE5A91023ED8B66005D65CC /* TitleCell.swift */; };
		6BE5A91323ED8B66005D65CC /* TitleCell.xib in Resources */ = {isa = PBXBuildFile; fileRef = 6BE5A91123ED8B66005D65CC /* TitleCell.xib */; };
		6BF2C3CC23EE48850023425E /* MP3Player.swift in Sources */ = {isa = PBXBuildFile; fileRef = 6BF2C3CB23EE48850023425E /* MP3Player.swift */; };
		6BF9728C24589B26007E3BB6 /* PersonalCategoriesController.swift in Sources */ = {isa = PBXBuildFile; fileRef = 6BF9728824589B26007E3BB6 /* PersonalCategoriesController.swift */; };
		6BF9728D24589B26007E3BB6 /* PersonalCategoriesInteractor.swift in Sources */ = {isa = PBXBuildFile; fileRef = 6BF9728924589B26007E3BB6 /* PersonalCategoriesInteractor.swift */; };
		6BF9728E24589B26007E3BB6 /* PersonalCategoriesView.swift in Sources */ = {isa = PBXBuildFile; fileRef = 6BF9728A24589B26007E3BB6 /* PersonalCategoriesView.swift */; };
		6BF9EA7C23ED7F3A0006066E /* MainPageInteractor.swift in Sources */ = {isa = PBXBuildFile; fileRef = 6BF9EA7B23ED7F3A0006066E /* MainPageInteractor.swift */; };
		E9A48C22ECD92DAAB394A383 /* Pods_mentory.framework in Frameworks */ = {isa = PBXBuildFile; fileRef = 0405CF0E54595F17EEE3CFA6 /* Pods_mentory.framework */; };
/* End PBXBuildFile section */

/* Begin PBXFileReference section */
		0405CF0E54595F17EEE3CFA6 /* Pods_mentory.framework */ = {isa = PBXFileReference; explicitFileType = wrapper.framework; includeInIndex = 0; path = Pods_mentory.framework; sourceTree = BUILT_PRODUCTS_DIR; };
		66255C29B55EF1CBBF82831F /* Pods-mentory.debug.xcconfig */ = {isa = PBXFileReference; includeInIndex = 1; lastKnownFileType = text.xcconfig; name = "Pods-mentory.debug.xcconfig"; path = "Target Support Files/Pods-mentory/Pods-mentory.debug.xcconfig"; sourceTree = "<group>"; };
		6B032CE823ED6D8A00662BF5 /* ExtensionUINavigationBar.swift */ = {isa = PBXFileReference; lastKnownFileType = sourcecode.swift; path = ExtensionUINavigationBar.swift; sourceTree = "<group>"; };
		6B032CEA23ED708F00662BF5 /* MainPageView.swift */ = {isa = PBXFileReference; lastKnownFileType = sourcecode.swift; path = MainPageView.swift; sourceTree = "<group>"; };
		6B032CED23ED750F00662BF5 /* MainPageViewModels.swift */ = {isa = PBXFileReference; lastKnownFileType = sourcecode.swift; path = MainPageViewModels.swift; sourceTree = "<group>"; };
		6B032CF323ED767700662BF5 /* MainPageDataSource.swift */ = {isa = PBXFileReference; lastKnownFileType = sourcecode.swift; path = MainPageDataSource.swift; sourceTree = "<group>"; };
		6B032CF623ED770400662BF5 /* LessonCell.swift */ = {isa = PBXFileReference; lastKnownFileType = sourcecode.swift; path = LessonCell.swift; sourceTree = "<group>"; };
		6B032CF723ED770400662BF5 /* LessonCell.xib */ = {isa = PBXFileReference; lastKnownFileType = file.xib; path = LessonCell.xib; sourceTree = "<group>"; };
		6B1518562419145D00C4A272 /* OnboardingController.swift */ = {isa = PBXFileReference; lastKnownFileType = sourcecode.swift; path = OnboardingController.swift; sourceTree = "<group>"; };
		6B1518582419145D00C4A272 /* OnboardingView.swift */ = {isa = PBXFileReference; lastKnownFileType = sourcecode.swift; path = OnboardingView.swift; sourceTree = "<group>"; };
		6B15185E2419151500C4A272 /* SlidesDataSource.swift */ = {isa = PBXFileReference; lastKnownFileType = sourcecode.swift; path = SlidesDataSource.swift; sourceTree = "<group>"; };
		6B1518632419157000C4A272 /* SlideCell.swift */ = {isa = PBXFileReference; lastKnownFileType = sourcecode.swift; path = SlideCell.swift; sourceTree = "<group>"; };
		6B1518642419157000C4A272 /* SlideCell.xib */ = {isa = PBXFileReference; lastKnownFileType = file.xib; path = SlideCell.xib; sourceTree = "<group>"; };
		6B1518672419159200C4A272 /* OnboardingModels.swift */ = {isa = PBXFileReference; lastKnownFileType = sourcecode.swift; path = OnboardingModels.swift; sourceTree = "<group>"; };
		6B205A7F241FA2990083D934 /* MainPageCellViewModel.swift */ = {isa = PBXFileReference; lastKnownFileType = sourcecode.swift; path = MainPageCellViewModel.swift; sourceTree = "<group>"; };
		6B205A81241FA5E30083D934 /* MainPagePurchaseCellViewModel.swift */ = {isa = PBXFileReference; lastKnownFileType = sourcecode.swift; path = MainPagePurchaseCellViewModel.swift; sourceTree = "<group>"; };
		6B205A83241FBE190083D934 /* StoreKit.framework */ = {isa = PBXFileReference; lastKnownFileType = wrapper.framework; name = StoreKit.framework; path = System/Library/Frameworks/StoreKit.framework; sourceTree = SDKROOT; };
		6B27507A2419B01300FBC8D2 /* TryPremiumView.swift */ = {isa = PBXFileReference; lastKnownFileType = sourcecode.swift; path = TryPremiumView.swift; sourceTree = "<group>"; };
		6B27507D2419B03900FBC8D2 /* TryPremiumView.xib */ = {isa = PBXFileReference; lastKnownFileType = file.xib; path = TryPremiumView.xib; sourceTree = "<group>"; };
		6B50D01D240D989900202DA6 /* NotificationNames.swift */ = {isa = PBXFileReference; lastKnownFileType = sourcecode.swift; path = NotificationNames.swift; sourceTree = "<group>"; };
		6B5B8ED323EE96620001A6C3 /* UIView+LoadingView.swift */ = {isa = PBXFileReference; fileEncoding = 4; lastKnownFileType = sourcecode.swift; path = "UIView+LoadingView.swift"; sourceTree = "<group>"; };
		6B5BB155242A74E700279794 /* GoogleService-Info.plist */ = {isa = PBXFileReference; fileEncoding = 4; lastKnownFileType = text.plist.xml; path = "GoogleService-Info.plist"; sourceTree = "<group>"; };
		6B65851223ED5391004016BA /* Lesson.swift */ = {isa = PBXFileReference; lastKnownFileType = sourcecode.swift; path = Lesson.swift; sourceTree = "<group>"; };
		6B65851423ED53B2004016BA /* MentoryServiceFactory.swift */ = {isa = PBXFileReference; lastKnownFileType = sourcecode.swift; path = MentoryServiceFactory.swift; sourceTree = "<group>"; };
		6B65851523ED53B2004016BA /* MainPageServiceMock.swift */ = {isa = PBXFileReference; lastKnownFileType = sourcecode.swift; path = MainPageServiceMock.swift; sourceTree = "<group>"; };
		6B65851623ED53B3004016BA /* MainPageServiceProtocol.swift */ = {isa = PBXFileReference; lastKnownFileType = sourcecode.swift; path = MainPageServiceProtocol.swift; sourceTree = "<group>"; };
		6B65852023ED5494004016BA /* en */ = {isa = PBXFileReference; lastKnownFileType = text.plist.strings; name = en; path = en.lproj/Localizable.strings; sourceTree = "<group>"; };
		6B65852223ED54A1004016BA /* ru */ = {isa = PBXFileReference; lastKnownFileType = text.plist.strings; name = ru; path = ru.lproj/Localizable.strings; sourceTree = "<group>"; };
		6B65852323ED54AC004016BA /* LaunchScreen.storyboard */ = {isa = PBXFileReference; fileEncoding = 4; lastKnownFileType = file.storyboard; path = LaunchScreen.storyboard; sourceTree = "<group>"; };
		6B65852823ED5560004016BA /* README.md */ = {isa = PBXFileReference; fileEncoding = 4; lastKnownFileType = net.daringfireball.markdown; path = README.md; sourceTree = "<group>"; };
		6B65852D23ED5726004016BA /* Assets.swift */ = {isa = PBXFileReference; fileEncoding = 4; lastKnownFileType = sourcecode.swift; path = Assets.swift; sourceTree = "<group>"; };
		6B65852E23ED5726004016BA /* Texts.swift */ = {isa = PBXFileReference; fileEncoding = 4; lastKnownFileType = sourcecode.swift; path = Texts.swift; sourceTree = "<group>"; };
		6B65852F23ED5726004016BA /* Fonts.swift */ = {isa = PBXFileReference; fileEncoding = 4; lastKnownFileType = sourcecode.swift; path = Fonts.swift; sourceTree = "<group>"; };
		6B6840DD245635AC000F3AF1 /* NextInputView.swift */ = {isa = PBXFileReference; lastKnownFileType = sourcecode.swift; path = NextInputView.swift; sourceTree = "<group>"; };
		6B689F08241F9D620078FDC7 /* MainPageSectionHeader.swift */ = {isa = PBXFileReference; lastKnownFileType = sourcecode.swift; path = MainPageSectionHeader.swift; sourceTree = "<group>"; };
		6B72F73F24589DCD00A18738 /* PersonalCategoriesDataSource.swift */ = {isa = PBXFileReference; lastKnownFileType = sourcecode.swift; path = PersonalCategoriesDataSource.swift; sourceTree = "<group>"; };
		6B72F74224589E5C00A18738 /* PersonalCategory.swift */ = {isa = PBXFileReference; lastKnownFileType = sourcecode.swift; path = PersonalCategory.swift; sourceTree = "<group>"; };
		6B72F74424589ECA00A18738 /* PersonalCategoryCell.swift */ = {isa = PBXFileReference; lastKnownFileType = sourcecode.swift; path = PersonalCategoryCell.swift; sourceTree = "<group>"; };
		6B72F74724589F3200A18738 /* MDCheckbox.swift */ = {isa = PBXFileReference; lastKnownFileType = sourcecode.swift; path = MDCheckbox.swift; sourceTree = "<group>"; };
		6B72F74924589F5C00A18738 /* MDCheckmarkView.swift */ = {isa = PBXFileReference; lastKnownFileType = sourcecode.swift; path = MDCheckmarkView.swift; sourceTree = "<group>"; };
		6B72F74B24589FD300A18738 /* ExtensionUIImage.swift */ = {isa = PBXFileReference; lastKnownFileType = sourcecode.swift; path = ExtensionUIImage.swift; sourceTree = "<group>"; };
		6B72F74D2458A06400A18738 /* ExtensionUIView.swift */ = {isa = PBXFileReference; lastKnownFileType = sourcecode.swift; path = ExtensionUIView.swift; sourceTree = "<group>"; };
		6B72F7502458B5B400A18738 /* PersonalizationTitleView.swift */ = {isa = PBXFileReference; lastKnownFileType = sourcecode.swift; path = PersonalizationTitleView.swift; sourceTree = "<group>"; };
		6B72F7512458B5B400A18738 /* PersonalizationTitleView.xib */ = {isa = PBXFileReference; lastKnownFileType = file.xib; path = PersonalizationTitleView.xib; sourceTree = "<group>"; };
		6B797015243D2C3600BE673E /* ItunesApi.swift */ = {isa = PBXFileReference; lastKnownFileType = sourcecode.swift; path = ItunesApi.swift; sourceTree = "<group>"; };
		6B797017243D339800BE673E /* ItunesModels.swift */ = {isa = PBXFileReference; lastKnownFileType = sourcecode.swift; path = ItunesModels.swift; sourceTree = "<group>"; };
		6B7A518023EE3BCE009D3047 /* PlayerController.swift */ = {isa = PBXFileReference; lastKnownFileType = sourcecode.swift; path = PlayerController.swift; sourceTree = "<group>"; };
		6B7A518223EE3BCE009D3047 /* PlayerView.swift */ = {isa = PBXFileReference; lastKnownFileType = sourcecode.swift; path = PlayerView.swift; sourceTree = "<group>"; };
		6B7A518323EE3BCE009D3047 /* PlayerView.xib */ = {isa = PBXFileReference; lastKnownFileType = file.xib; path = PlayerView.xib; sourceTree = "<group>"; };
		6B7D9D6623FAE521003F7B45 /* NextLessonCell.swift */ = {isa = PBXFileReference; lastKnownFileType = sourcecode.swift; path = NextLessonCell.swift; sourceTree = "<group>"; };
		6B7D9D6723FAE521003F7B45 /* NextLessonCell.xib */ = {isa = PBXFileReference; lastKnownFileType = file.xib; path = NextLessonCell.xib; sourceTree = "<group>"; };
		6B7D9D6A23FAE92F003F7B45 /* LessonViewDataSource.swift */ = {isa = PBXFileReference; lastKnownFileType = sourcecode.swift; path = LessonViewDataSource.swift; sourceTree = "<group>"; };
		6B8CA12024198E8200D122C3 /* OnboardingView.xib */ = {isa = PBXFileReference; lastKnownFileType = file.xib; path = OnboardingView.xib; sourceTree = "<group>"; };
		6B8F07FA245317330070B7E1 /* NameController.swift */ = {isa = PBXFileReference; fileEncoding = 4; lastKnownFileType = sourcecode.swift; path = NameController.swift; sourceTree = "<group>"; };
		6B8F07FD245317330070B7E1 /* NameView.swift */ = {isa = PBXFileReference; fileEncoding = 4; lastKnownFileType = sourcecode.swift; path = NameView.swift; sourceTree = "<group>"; };
		6B8F07FE245317330070B7E1 /* NameView.xib */ = {isa = PBXFileReference; fileEncoding = 4; lastKnownFileType = file.xib; path = NameView.xib; sourceTree = "<group>"; };
		6B90A772241A896C00B7A7BB /* StyleUtils.swift */ = {isa = PBXFileReference; fileEncoding = 4; lastKnownFileType = sourcecode.swift; path = StyleUtils.swift; sourceTree = "<group>"; };
		6B95CCA523F3497300BE1A17 /* Mentory.entitlements */ = {isa = PBXFileReference; lastKnownFileType = text.plist.entitlements; path = Mentory.entitlements; sourceTree = "<group>"; };
		6B9A90D52406A84A0018E4E6 /* BuyController.swift */ = {isa = PBXFileReference; lastKnownFileType = sourcecode.swift; path = BuyController.swift; sourceTree = "<group>"; };
		6B9A90D62406A84A0018E4E6 /* BuyInteractor.swift */ = {isa = PBXFileReference; lastKnownFileType = sourcecode.swift; path = BuyInteractor.swift; sourceTree = "<group>"; };
		6B9A90D72406A84A0018E4E6 /* BuyView.swift */ = {isa = PBXFileReference; lastKnownFileType = sourcecode.swift; path = BuyView.swift; sourceTree = "<group>"; };
		6B9A90D82406A84A0018E4E6 /* BuyView.xib */ = {isa = PBXFileReference; lastKnownFileType = file.xib; path = BuyView.xib; sourceTree = "<group>"; };
		6BA09A7723FA90FC00C95B08 /* mentory_ru.json */ = {isa = PBXFileReference; fileEncoding = 4; lastKnownFileType = text.json; path = mentory_ru.json; sourceTree = "<group>"; };
		6BA09A7A23FA95A700C95B08 /* DataManager.swift */ = {isa = PBXFileReference; fileEncoding = 4; lastKnownFileType = sourcecode.swift; path = DataManager.swift; sourceTree = "<group>"; };
		6BA09A7C23FAA10C00C95B08 /* Track.swift */ = {isa = PBXFileReference; lastKnownFileType = sourcecode.swift; path = Track.swift; sourceTree = "<group>"; };
		6BA82406240D2C1100536CF4 /* IAPProduct.swift */ = {isa = PBXFileReference; lastKnownFileType = sourcecode.swift; path = IAPProduct.swift; sourceTree = "<group>"; };
		6BA82408240D2C5500536CF4 /* IAPService.swift */ = {isa = PBXFileReference; lastKnownFileType = sourcecode.swift; path = IAPService.swift; sourceTree = "<group>"; };
		6BA8240A240D473F00536CF4 /* BuyModels.swift */ = {isa = PBXFileReference; lastKnownFileType = sourcecode.swift; path = BuyModels.swift; sourceTree = "<group>"; };
		6BA848F723FAB2AC00C6DDEB /* MDHeaderView.swift */ = {isa = PBXFileReference; lastKnownFileType = sourcecode.swift; path = MDHeaderView.swift; sourceTree = "<group>"; };
		6BA848FA23FAE26D00C6DDEB /* LessonHeaderCell.swift */ = {isa = PBXFileReference; lastKnownFileType = sourcecode.swift; path = LessonHeaderCell.swift; sourceTree = "<group>"; };
		6BA848FB23FAE26D00C6DDEB /* LessonHeaderCell.xib */ = {isa = PBXFileReference; lastKnownFileType = file.xib; path = LessonHeaderCell.xib; sourceTree = "<group>"; };
		6BA8490123FAE2D000C6DDEB /* AudioCell.swift */ = {isa = PBXFileReference; lastKnownFileType = sourcecode.swift; path = AudioCell.swift; sourceTree = "<group>"; };
		6BA8490223FAE2D000C6DDEB /* AudioCell.xib */ = {isa = PBXFileReference; lastKnownFileType = file.xib; path = AudioCell.xib; sourceTree = "<group>"; };
		6BAB96EF23EDA9B400354E39 /* SwipeInteractionController.swift */ = {isa = PBXFileReference; fileEncoding = 4; lastKnownFileType = sourcecode.swift; path = SwipeInteractionController.swift; sourceTree = "<group>"; };
		6BAB96F223EDA9B400354E39 /* ViewImageBasedAnimatable.swift */ = {isa = PBXFileReference; fileEncoding = 4; lastKnownFileType = sourcecode.swift; path = ViewImageBasedAnimatable.swift; sourceTree = "<group>"; };
		6BAB96F423EDA9B400354E39 /* ImagePopAnimatedTransition.swift */ = {isa = PBXFileReference; fileEncoding = 4; lastKnownFileType = sourcecode.swift; path = ImagePopAnimatedTransition.swift; sourceTree = "<group>"; };
		6BAB96F523EDA9B400354E39 /* ImagePushAnimatedTransition.swift */ = {isa = PBXFileReference; fileEncoding = 4; lastKnownFileType = sourcecode.swift; path = ImagePushAnimatedTransition.swift; sourceTree = "<group>"; };
		6BAB96F623EDA9B400354E39 /* ImageBasedTransitionManager.swift */ = {isa = PBXFileReference; fileEncoding = 4; lastKnownFileType = sourcecode.swift; path = ImageBasedTransitionManager.swift; sourceTree = "<group>"; };
		6BAB96F723EDA9B400354E39 /* ImageBasedContextTransitioning.swift */ = {isa = PBXFileReference; fileEncoding = 4; lastKnownFileType = sourcecode.swift; path = ImageBasedContextTransitioning.swift; sourceTree = "<group>"; };
		6BAB96FE23EE1DAD00354E39 /* LessonControllerModels.swift */ = {isa = PBXFileReference; lastKnownFileType = sourcecode.swift; path = LessonControllerModels.swift; sourceTree = "<group>"; };
		6BB322B92410E70A006CD926 /* ExtensionFloat.swift */ = {isa = PBXFileReference; lastKnownFileType = sourcecode.swift; path = ExtensionFloat.swift; sourceTree = "<group>"; };
		6BC24FAA23ED945B0054C8B9 /* TryPremiumCell.swift */ = {isa = PBXFileReference; lastKnownFileType = sourcecode.swift; path = TryPremiumCell.swift; sourceTree = "<group>"; };
		6BC24FAB23ED945B0054C8B9 /* TryPremiumCell.xib */ = {isa = PBXFileReference; lastKnownFileType = file.xib; path = TryPremiumCell.xib; sourceTree = "<group>"; };
		6BC24FB023EDA5E70054C8B9 /* LessonController.swift */ = {isa = PBXFileReference; lastKnownFileType = sourcecode.swift; path = LessonController.swift; sourceTree = "<group>"; };
		6BC24FB223EDA5E70054C8B9 /* LessonView.swift */ = {isa = PBXFileReference; lastKnownFileType = sourcecode.swift; path = LessonView.swift; sourceTree = "<group>"; };
		6BC24FB323EDA5E70054C8B9 /* LessonView.xib */ = {isa = PBXFileReference; lastKnownFileType = file.xib; path = LessonView.xib; sourceTree = "<group>"; };
		6BC8871C23EB63320046E598 /* Mentory.app */ = {isa = PBXFileReference; explicitFileType = wrapper.application; includeInIndex = 0; path = Mentory.app; sourceTree = BUILT_PRODUCTS_DIR; };
		6BC8871F23EB63320046E598 /* AppDelegate.swift */ = {isa = PBXFileReference; lastKnownFileType = sourcecode.swift; path = AppDelegate.swift; sourceTree = "<group>"; };
		6BC8872323EB63320046E598 /* MainPageController.swift */ = {isa = PBXFileReference; lastKnownFileType = sourcecode.swift; path = MainPageController.swift; sourceTree = "<group>"; };
		6BC8872823EB63340046E598 /* Assets.xcassets */ = {isa = PBXFileReference; lastKnownFileType = folder.assetcatalog; path = Assets.xcassets; sourceTree = "<group>"; };
		6BC8872D23EB63340046E598 /* Info.plist */ = {isa = PBXFileReference; lastKnownFileType = text.plist.xml; path = Info.plist; sourceTree = "<group>"; };
		6BE1B5DF23FAAC730052A860 /* mentory_en.json */ = {isa = PBXFileReference; fileEncoding = 4; lastKnownFileType = text.json; path = mentory_en.json; sourceTree = "<group>"; };
		6BE5A91023ED8B66005D65CC /* TitleCell.swift */ = {isa = PBXFileReference; lastKnownFileType = sourcecode.swift; path = TitleCell.swift; sourceTree = "<group>"; };
		6BE5A91123ED8B66005D65CC /* TitleCell.xib */ = {isa = PBXFileReference; lastKnownFileType = file.xib; path = TitleCell.xib; sourceTree = "<group>"; };
		6BF2C3CB23EE48850023425E /* MP3Player.swift */ = {isa = PBXFileReference; lastKnownFileType = sourcecode.swift; path = MP3Player.swift; sourceTree = "<group>"; };
		6BF9728824589B26007E3BB6 /* PersonalCategoriesController.swift */ = {isa = PBXFileReference; lastKnownFileType = sourcecode.swift; path = PersonalCategoriesController.swift; sourceTree = "<group>"; };
		6BF9728924589B26007E3BB6 /* PersonalCategoriesInteractor.swift */ = {isa = PBXFileReference; lastKnownFileType = sourcecode.swift; path = PersonalCategoriesInteractor.swift; sourceTree = "<group>"; };
		6BF9728A24589B26007E3BB6 /* PersonalCategoriesView.swift */ = {isa = PBXFileReference; lastKnownFileType = sourcecode.swift; path = PersonalCategoriesView.swift; sourceTree = "<group>"; };
		6BF9EA7B23ED7F3A0006066E /* MainPageInteractor.swift */ = {isa = PBXFileReference; lastKnownFileType = sourcecode.swift; path = MainPageInteractor.swift; sourceTree = "<group>"; };
		CAD9FC5E1F4B803FE4038D39 /* Pods-mentory.release.xcconfig */ = {isa = PBXFileReference; includeInIndex = 1; lastKnownFileType = text.xcconfig; name = "Pods-mentory.release.xcconfig"; path = "Target Support Files/Pods-mentory/Pods-mentory.release.xcconfig"; sourceTree = "<group>"; };
/* End PBXFileReference section */

/* Begin PBXFrameworksBuildPhase section */
		6BC8871923EB63320046E598 /* Frameworks */ = {
			isa = PBXFrameworksBuildPhase;
			buildActionMask = 2147483647;
			files = (
				E9A48C22ECD92DAAB394A383 /* Pods_mentory.framework in Frameworks */,
				6B205A84241FBE190083D934 /* StoreKit.framework in Frameworks */,
			);
			runOnlyForDeploymentPostprocessing = 0;
		};
/* End PBXFrameworksBuildPhase section */

/* Begin PBXGroup section */
		08A5C795EC2E5CB40B2B4BB5 /* Pods */ = {
			isa = PBXGroup;
			children = (
				66255C29B55EF1CBBF82831F /* Pods-mentory.debug.xcconfig */,
				CAD9FC5E1F4B803FE4038D39 /* Pods-mentory.release.xcconfig */,
			);
			path = Pods;
			sourceTree = "<group>";
		};
		6B032CE723ED6D7800662BF5 /* Extensions */ = {
			isa = PBXGroup;
			children = (
				6B5B8ED023EE96620001A6C3 /* UIView+LoadingView */,
				6B032CE823ED6D8A00662BF5 /* ExtensionUINavigationBar.swift */,
				6BB322B92410E70A006CD926 /* ExtensionFloat.swift */,
				6B72F74B24589FD300A18738 /* ExtensionUIImage.swift */,
				6B72F74D2458A06400A18738 /* ExtensionUIView.swift */,
			);
			path = Extensions;
			sourceTree = "<group>";
		};
		6B032CEC23ED71C600662BF5 /* VIew */ = {
			isa = PBXGroup;
			children = (
				6B032CEA23ED708F00662BF5 /* MainPageView.swift */,
				6B032CF323ED767700662BF5 /* MainPageDataSource.swift */,
				6B032CF523ED76EB00662BF5 /* Cell */,
			);
			path = VIew;
			sourceTree = "<group>";
		};
		6B032CF523ED76EB00662BF5 /* Cell */ = {
			isa = PBXGroup;
			children = (
				6BC24FA923ED943F0054C8B9 /* TryPremiumCell */,
				6BE5A90F23ED87F6005D65CC /* TitleCell */,
				6BE5A90E23ED87EC005D65CC /* LessonCell */,
			);
			path = Cell;
			sourceTree = "<group>";
		};
		6B1518542419143F00C4A272 /* Onboarding */ = {
			isa = PBXGroup;
			children = (
				6B1518562419145D00C4A272 /* OnboardingController.swift */,
				6B1518672419159200C4A272 /* OnboardingModels.swift */,
				6B15185D2419149700C4A272 /* View */,
			);
			path = Onboarding;
			sourceTree = "<group>";
		};
		6B15185D2419149700C4A272 /* View */ = {
			isa = PBXGroup;
			children = (
				6B1518582419145D00C4A272 /* OnboardingView.swift */,
				6B8CA12024198E8200D122C3 /* OnboardingView.xib */,
				6B15185E2419151500C4A272 /* SlidesDataSource.swift */,
				6B1518602419153200C4A272 /* Cell */,
			);
			path = View;
			sourceTree = "<group>";
		};
		6B1518602419153200C4A272 /* Cell */ = {
			isa = PBXGroup;
			children = (
				6B1518632419157000C4A272 /* SlideCell.swift */,
				6B1518642419157000C4A272 /* SlideCell.xib */,
			);
			path = Cell;
			sourceTree = "<group>";
		};
		6B27507C2419B02500FBC8D2 /* TryPremiumView */ = {
			isa = PBXGroup;
			children = (
				6B27507A2419B01300FBC8D2 /* TryPremiumView.swift */,
				6B27507D2419B03900FBC8D2 /* TryPremiumView.xib */,
			);
			path = TryPremiumView;
			sourceTree = "<group>";
		};
		6B50D01C240D988400202DA6 /* Events */ = {
			isa = PBXGroup;
			children = (
				6B50D01D240D989900202DA6 /* NotificationNames.swift */,
			);
			path = Events;
			sourceTree = "<group>";
		};
		6B5B8ED023EE96620001A6C3 /* UIView+LoadingView */ = {
			isa = PBXGroup;
			children = (
				6B5B8ED323EE96620001A6C3 /* UIView+LoadingView.swift */,
			);
			path = "UIView+LoadingView";
			sourceTree = "<group>";
		};
		6B65850623ED52C1004016BA /* MainFiles */ = {
			isa = PBXGroup;
			children = (
				6B5BB155242A74E700279794 /* GoogleService-Info.plist */,
				6BC8871F23EB63320046E598 /* AppDelegate.swift */,
				6B65852323ED54AC004016BA /* LaunchScreen.storyboard */,
				6BC8872D23EB63340046E598 /* Info.plist */,
			);
			path = MainFiles;
			sourceTree = "<group>";
		};
		6B65850723ED5375004016BA /* BusinessLayer */ = {
			isa = PBXGroup;
			children = (
				6B50D01C240D988400202DA6 /* Events */,
				6B65850823ED5375004016BA /* Model */,
				6B65850B23ED5375004016BA /* Services */,
			);
			path = BusinessLayer;
			sourceTree = "<group>";
		};
		6B65850823ED5375004016BA /* Model */ = {
			isa = PBXGroup;
			children = (
				6B65851223ED5391004016BA /* Lesson.swift */,
				6BA09A7C23FAA10C00C95B08 /* Track.swift */,
				6B689F08241F9D620078FDC7 /* MainPageSectionHeader.swift */,
				6B205A7F241FA2990083D934 /* MainPageCellViewModel.swift */,
				6B205A81241FA5E30083D934 /* MainPagePurchaseCellViewModel.swift */,
				6B72F74224589E5C00A18738 /* PersonalCategory.swift */,
			);
			path = Model;
			sourceTree = "<group>";
		};
		6B65850B23ED5375004016BA /* Services */ = {
			isa = PBXGroup;
			children = (
				6B65851423ED53B2004016BA /* MentoryServiceFactory.swift */,
				6BA8240C240D614600536CF4 /* Purchasing */,
				6BE5A91623ED9064005D65CC /* MainPage */,
			);
			path = Services;
			sourceTree = "<group>";
		};
		6B65851A23ED53E0004016BA /* Resources */ = {
			isa = PBXGroup;
			children = (
				6BA09A7623FA90FC00C95B08 /* Json */,
				6B65852C23ED5713004016BA /* Source */,
				6B65852523ED54FA004016BA /* Fonts */,
				6BC8872823EB63340046E598 /* Assets.xcassets */,
				6B65852123ED5494004016BA /* Localizable.strings */,
			);
			path = Resources;
			sourceTree = "<group>";
		};
		6B65851B23ED53EC004016BA /* ViewControllers */ = {
			isa = PBXGroup;
			children = (
				6BF9728724589AEE007E3BB6 /* PersonalCategories */,
				6B8F07F9245316FE0070B7E1 /* Name */,
				6B1518542419143F00C4A272 /* Onboarding */,
				6B9A90D32406A7EE0018E4E6 /* Buy */,
				6B7A517123EE3675009D3047 /* Player */,
				6BC24FAE23EDA5D60054C8B9 /* Lesson */,
				6B81D5B423ED67A000EC2F89 /* MainPage */,
			);
			path = ViewControllers;
			sourceTree = "<group>";
		};
		6B65851C23ED5406004016BA /* Common */ = {
			isa = PBXGroup;
			children = (
				6BA848F523FAB29200C6DDEB /* Molecules */,
				6BA09A7923FA959700C95B08 /* Classes */,
				6BAB96EE23EDA96A00354E39 /* Transitions */,
				6B032CE723ED6D7800662BF5 /* Extensions */,
			);
			path = Common;
			sourceTree = "<group>";
		};
		6B65852523ED54FA004016BA /* Fonts */ = {
			isa = PBXGroup;
			children = (
			);
			path = Fonts;
			sourceTree = "<group>";
		};
		6B65852C23ED5713004016BA /* Source */ = {
			isa = PBXGroup;
			children = (
				6B65852D23ED5726004016BA /* Assets.swift */,
				6B65852F23ED5726004016BA /* Fonts.swift */,
				6B65852E23ED5726004016BA /* Texts.swift */,
			);
			path = Source;
			sourceTree = "<group>";
		};
		6B72F74124589DEA00A18738 /* Cell */ = {
			isa = PBXGroup;
			children = (
				6B72F74424589ECA00A18738 /* PersonalCategoryCell.swift */,
			);
			path = Cell;
			sourceTree = "<group>";
		};
		6B72F74624589F2000A18738 /* MDCheckbox */ = {
			isa = PBXGroup;
			children = (
				6B72F74724589F3200A18738 /* MDCheckbox.swift */,
				6B72F74924589F5C00A18738 /* MDCheckmarkView.swift */,
			);
			path = MDCheckbox;
			sourceTree = "<group>";
		};
		6B72F74F2458AF9700A18738 /* PersonalizationTitleView */ = {
			isa = PBXGroup;
			children = (
				6B72F7502458B5B400A18738 /* PersonalizationTitleView.swift */,
				6B72F7512458B5B400A18738 /* PersonalizationTitleView.xib */,
			);
			path = PersonalizationTitleView;
			sourceTree = "<group>";
		};
		6B7A517123EE3675009D3047 /* Player */ = {
			isa = PBXGroup;
			children = (
				6B7A518023EE3BCE009D3047 /* PlayerController.swift */,
				6BF2C3CB23EE48850023425E /* MP3Player.swift */,
				6B7A518923EE3BD9009D3047 /* View */,
			);
			path = Player;
			sourceTree = "<group>";
		};
		6B7A518923EE3BD9009D3047 /* View */ = {
			isa = PBXGroup;
			children = (
				6B7A518223EE3BCE009D3047 /* PlayerView.swift */,
				6B7A518323EE3BCE009D3047 /* PlayerView.xib */,
			);
			path = View;
			sourceTree = "<group>";
		};
		6B7D9D6523FAE50C003F7B45 /* NextLessonCell */ = {
			isa = PBXGroup;
			children = (
				6B7D9D6623FAE521003F7B45 /* NextLessonCell.swift */,
				6B7D9D6723FAE521003F7B45 /* NextLessonCell.xib */,
			);
			path = NextLessonCell;
			sourceTree = "<group>";
		};
		6B81D5B423ED67A000EC2F89 /* MainPage */ = {
			isa = PBXGroup;
			children = (
				6BC8872323EB63320046E598 /* MainPageController.swift */,
				6B032CED23ED750F00662BF5 /* MainPageViewModels.swift */,
				6BF9EA7B23ED7F3A0006066E /* MainPageInteractor.swift */,
				6B032CEC23ED71C600662BF5 /* VIew */,
			);
			path = MainPage;
			sourceTree = "<group>";
		};
		6B8F07F9245316FE0070B7E1 /* Name */ = {
			isa = PBXGroup;
			children = (
				6B8F07FA245317330070B7E1 /* NameController.swift */,
				6B8F07FC245317330070B7E1 /* View */,
			);
			path = Name;
			sourceTree = "<group>";
		};
		6B8F07FC245317330070B7E1 /* View */ = {
			isa = PBXGroup;
			children = (
				6B8F07FD245317330070B7E1 /* NameView.swift */,
				6B8F07FE245317330070B7E1 /* NameView.xib */,
				6B6840DD245635AC000F3AF1 /* NextInputView.swift */,
			);
			path = View;
			sourceTree = "<group>";
		};
		6B9A90D32406A7EE0018E4E6 /* Buy */ = {
			isa = PBXGroup;
			children = (
				6B9A90D52406A84A0018E4E6 /* BuyController.swift */,
				6B9A90D62406A84A0018E4E6 /* BuyInteractor.swift */,
				6BA8240A240D473F00536CF4 /* BuyModels.swift */,
				6B9A90DE2406A8550018E4E6 /* View */,
			);
			path = Buy;
			sourceTree = "<group>";
		};
		6B9A90DE2406A8550018E4E6 /* View */ = {
			isa = PBXGroup;
			children = (
				6B9A90D72406A84A0018E4E6 /* BuyView.swift */,
				6B9A90D82406A84A0018E4E6 /* BuyView.xib */,
			);
			path = View;
			sourceTree = "<group>";
		};
		6BA09A7623FA90FC00C95B08 /* Json */ = {
			isa = PBXGroup;
			children = (
				6BE1B5DF23FAAC730052A860 /* mentory_en.json */,
				6BA09A7723FA90FC00C95B08 /* mentory_ru.json */,
			);
			path = Json;
			sourceTree = "<group>";
		};
		6BA09A7923FA959700C95B08 /* Classes */ = {
			isa = PBXGroup;
			children = (
				6B90A772241A896C00B7A7BB /* StyleUtils.swift */,
				6BA09A7A23FA95A700C95B08 /* DataManager.swift */,
			);
			path = Classes;
			sourceTree = "<group>";
		};
		6BA8240C240D614600536CF4 /* Purchasing */ = {
			isa = PBXGroup;
			children = (
				6BA82406240D2C1100536CF4 /* IAPProduct.swift */,
				6BA82408240D2C5500536CF4 /* IAPService.swift */,
				6B797015243D2C3600BE673E /* ItunesApi.swift */,
				6B797017243D339800BE673E /* ItunesModels.swift */,
			);
			path = Purchasing;
			sourceTree = "<group>";
		};
		6BA848F523FAB29200C6DDEB /* Molecules */ = {
			isa = PBXGroup;
			children = (
				6B72F74624589F2000A18738 /* MDCheckbox */,
				6B27507C2419B02500FBC8D2 /* TryPremiumView */,
				6BA848F623FAB29900C6DDEB /* MDHeaderView */,
			);
			path = Molecules;
			sourceTree = "<group>";
		};
		6BA848F623FAB29900C6DDEB /* MDHeaderView */ = {
			isa = PBXGroup;
			children = (
				6BA848F723FAB2AC00C6DDEB /* MDHeaderView.swift */,
			);
			path = MDHeaderView;
			sourceTree = "<group>";
		};
		6BA848F923FAE24900C6DDEB /* Cell */ = {
			isa = PBXGroup;
			children = (
				6B7D9D6523FAE50C003F7B45 /* NextLessonCell */,
				6BA8490023FAE29C00C6DDEB /* AudioCell */,
				6BA848FF23FAE27A00C6DDEB /* LessonHeaderCell */,
			);
			path = Cell;
			sourceTree = "<group>";
		};
		6BA848FF23FAE27A00C6DDEB /* LessonHeaderCell */ = {
			isa = PBXGroup;
			children = (
				6BA848FA23FAE26D00C6DDEB /* LessonHeaderCell.swift */,
				6BA848FB23FAE26D00C6DDEB /* LessonHeaderCell.xib */,
			);
			path = LessonHeaderCell;
			sourceTree = "<group>";
		};
		6BA8490023FAE29C00C6DDEB /* AudioCell */ = {
			isa = PBXGroup;
			children = (
				6BA8490123FAE2D000C6DDEB /* AudioCell.swift */,
				6BA8490223FAE2D000C6DDEB /* AudioCell.xib */,
			);
			path = AudioCell;
			sourceTree = "<group>";
		};
		6BAB96EE23EDA96A00354E39 /* Transitions */ = {
			isa = PBXGroup;
			children = (
				6BAB96F023EDA9B400354E39 /* ImageBased */,
				6BAB96EF23EDA9B400354E39 /* SwipeInteractionController.swift */,
			);
			path = Transitions;
			sourceTree = "<group>";
		};
		6BAB96F023EDA9B400354E39 /* ImageBased */ = {
			isa = PBXGroup;
			children = (
				6BAB96F123EDA9B400354E39 /* Protocol */,
				6BAB96F323EDA9B400354E39 /* AnimationTransitions */,
			);
			path = ImageBased;
			sourceTree = "<group>";
		};
		6BAB96F123EDA9B400354E39 /* Protocol */ = {
			isa = PBXGroup;
			children = (
				6BAB96F223EDA9B400354E39 /* ViewImageBasedAnimatable.swift */,
			);
			path = Protocol;
			sourceTree = "<group>";
		};
		6BAB96F323EDA9B400354E39 /* AnimationTransitions */ = {
			isa = PBXGroup;
			children = (
				6BAB96F423EDA9B400354E39 /* ImagePopAnimatedTransition.swift */,
				6BAB96F523EDA9B400354E39 /* ImagePushAnimatedTransition.swift */,
				6BAB96F623EDA9B400354E39 /* ImageBasedTransitionManager.swift */,
				6BAB96F723EDA9B400354E39 /* ImageBasedContextTransitioning.swift */,
			);
			path = AnimationTransitions;
			sourceTree = "<group>";
		};
		6BC24FA923ED943F0054C8B9 /* TryPremiumCell */ = {
			isa = PBXGroup;
			children = (
				6BC24FAA23ED945B0054C8B9 /* TryPremiumCell.swift */,
				6BC24FAB23ED945B0054C8B9 /* TryPremiumCell.xib */,
			);
			path = TryPremiumCell;
			sourceTree = "<group>";
		};
		6BC24FAE23EDA5D60054C8B9 /* Lesson */ = {
			isa = PBXGroup;
			children = (
				6BC24FB023EDA5E70054C8B9 /* LessonController.swift */,
				6BAB96FE23EE1DAD00354E39 /* LessonControllerModels.swift */,
				6BC24FB923EDA8870054C8B9 /* View */,
			);
			path = Lesson;
			sourceTree = "<group>";
		};
		6BC24FB923EDA8870054C8B9 /* View */ = {
			isa = PBXGroup;
			children = (
				6BC24FB223EDA5E70054C8B9 /* LessonView.swift */,
				6B7D9D6A23FAE92F003F7B45 /* LessonViewDataSource.swift */,
				6BC24FB323EDA5E70054C8B9 /* LessonView.xib */,
				6BA848F923FAE24900C6DDEB /* Cell */,
			);
			path = View;
			sourceTree = "<group>";
		};
		6BC8871323EB63320046E598 = {
			isa = PBXGroup;
			children = (
				6B65852823ED5560004016BA /* README.md */,
				6BC8871E23EB63320046E598 /* mentory */,
				6BC8871D23EB63320046E598 /* Products */,
				08A5C795EC2E5CB40B2B4BB5 /* Pods */,
				D7867D7AC5DF419C6B367A09 /* Frameworks */,
			);
			sourceTree = "<group>";
		};
		6BC8871D23EB63320046E598 /* Products */ = {
			isa = PBXGroup;
			children = (
				6BC8871C23EB63320046E598 /* Mentory.app */,
			);
			name = Products;
			sourceTree = "<group>";
		};
		6BC8871E23EB63320046E598 /* mentory */ = {
			isa = PBXGroup;
			children = (
				6B95CCA523F3497300BE1A17 /* Mentory.entitlements */,
				6B65850623ED52C1004016BA /* MainFiles */,
				6B65850723ED5375004016BA /* BusinessLayer */,
				6B65851B23ED53EC004016BA /* ViewControllers */,
				6B65851C23ED5406004016BA /* Common */,
				6B65851A23ED53E0004016BA /* Resources */,
			);
			path = mentory;
			sourceTree = "<group>";
		};
		6BE5A90E23ED87EC005D65CC /* LessonCell */ = {
			isa = PBXGroup;
			children = (
				6B032CF623ED770400662BF5 /* LessonCell.swift */,
				6B032CF723ED770400662BF5 /* LessonCell.xib */,
			);
			path = LessonCell;
			sourceTree = "<group>";
		};
		6BE5A90F23ED87F6005D65CC /* TitleCell */ = {
			isa = PBXGroup;
			children = (
				6BE5A91023ED8B66005D65CC /* TitleCell.swift */,
				6BE5A91123ED8B66005D65CC /* TitleCell.xib */,
			);
			path = TitleCell;
			sourceTree = "<group>";
		};
		6BE5A91623ED9064005D65CC /* MainPage */ = {
			isa = PBXGroup;
			children = (
				6B65851523ED53B2004016BA /* MainPageServiceMock.swift */,
				6B65851623ED53B3004016BA /* MainPageServiceProtocol.swift */,
			);
			path = MainPage;
			sourceTree = "<group>";
		};
		6BF9728724589AEE007E3BB6 /* PersonalCategories */ = {
			isa = PBXGroup;
			children = (
				6BF9728824589B26007E3BB6 /* PersonalCategoriesController.swift */,
				6BF9728924589B26007E3BB6 /* PersonalCategoriesInteractor.swift */,
				6BF9729024589B2E007E3BB6 /* View */,
			);
			path = PersonalCategories;
			sourceTree = "<group>";
		};
		6BF9729024589B2E007E3BB6 /* View */ = {
			isa = PBXGroup;
			children = (
				6BF9728A24589B26007E3BB6 /* PersonalCategoriesView.swift */,
				6B72F73F24589DCD00A18738 /* PersonalCategoriesDataSource.swift */,
				6B72F74F2458AF9700A18738 /* PersonalizationTitleView */,
				6B72F74124589DEA00A18738 /* Cell */,
			);
			path = View;
			sourceTree = "<group>";
		};
		D7867D7AC5DF419C6B367A09 /* Frameworks */ = {
			isa = PBXGroup;
			children = (
				6B205A83241FBE190083D934 /* StoreKit.framework */,
				0405CF0E54595F17EEE3CFA6 /* Pods_mentory.framework */,
			);
			name = Frameworks;
			sourceTree = "<group>";
		};
/* End PBXGroup section */

/* Begin PBXNativeTarget section */
		6BC8871B23EB63320046E598 /* mentory */ = {
			isa = PBXNativeTarget;
			buildConfigurationList = 6BC8873023EB63340046E598 /* Build configuration list for PBXNativeTarget "mentory" */;
			buildPhases = (
				A345F17FD96287B60F2B6FB9 /* [CP] Check Pods Manifest.lock */,
				6B65852A23ED55C8004016BA /* Swiftformat */,
				6B65852B23ED55ED004016BA /* Swiftlint */,
				6BC8871823EB63320046E598 /* Sources */,
				6BC8871923EB63320046E598 /* Frameworks */,
				6BC8871A23EB63320046E598 /* Resources */,
				BC8BBFF1352D099DC5CD3BA5 /* [CP] Embed Pods Frameworks */,
			);
			buildRules = (
			);
			dependencies = (
			);
			name = mentory;
			productName = mentory;
			productReference = 6BC8871C23EB63320046E598 /* Mentory.app */;
			productType = "com.apple.product-type.application";
		};
/* End PBXNativeTarget section */

/* Begin PBXProject section */
		6BC8871423EB63320046E598 /* Project object */ = {
			isa = PBXProject;
			attributes = {
				LastSwiftUpdateCheck = 1120;
				LastUpgradeCheck = 1120;
				ORGANIZATIONNAME = "Михаил Андреичев";
				TargetAttributes = {
					6BC8871B23EB63320046E598 = {
						CreatedOnToolsVersion = 11.2.1;
					};
				};
			};
			buildConfigurationList = 6BC8871723EB63320046E598 /* Build configuration list for PBXProject "mentory" */;
			compatibilityVersion = "Xcode 9.3";
			developmentRegion = ru;
			hasScannedForEncodings = 0;
			knownRegions = (
				en,
				Base,
				ru,
			);
			mainGroup = 6BC8871323EB63320046E598;
			productRefGroup = 6BC8871D23EB63320046E598 /* Products */;
			projectDirPath = "";
			projectRoot = "";
			targets = (
				6BC8871B23EB63320046E598 /* mentory */,
			);
		};
/* End PBXProject section */

/* Begin PBXResourcesBuildPhase section */
		6BC8871A23EB63320046E598 /* Resources */ = {
			isa = PBXResourcesBuildPhase;
			buildActionMask = 2147483647;
			files = (
				6BC24FAD23ED945B0054C8B9 /* TryPremiumCell.xib in Resources */,
				6B8F0802245317330070B7E1 /* NameView.xib in Resources */,
				6B72F7532458B5B400A18738 /* PersonalizationTitleView.xib in Resources */,
				6BA09A7823FA90FC00C95B08 /* mentory_ru.json in Resources */,
				6BA848FD23FAE26D00C6DDEB /* LessonHeaderCell.xib in Resources */,
				6B65852423ED54AC004016BA /* LaunchScreen.storyboard in Resources */,
				6B9A90DD2406A84B0018E4E6 /* BuyView.xib in Resources */,
				6B7A518823EE3BCE009D3047 /* PlayerView.xib in Resources */,
				6B032CF923ED770400662BF5 /* LessonCell.xib in Resources */,
				6BE5A91323ED8B66005D65CC /* TitleCell.xib in Resources */,
				6B65851F23ED5494004016BA /* Localizable.strings in Resources */,
				6B7D9D6923FAE521003F7B45 /* NextLessonCell.xib in Resources */,
				6B8CA12124198E8200D122C3 /* OnboardingView.xib in Resources */,
				6B5BB156242A74E700279794 /* GoogleService-Info.plist in Resources */,
				6B65852923ED5560004016BA /* README.md in Resources */,
				6B27507E2419B03900FBC8D2 /* TryPremiumView.xib in Resources */,
				6BC24FB823EDA5E70054C8B9 /* LessonView.xib in Resources */,
				6BA8490423FAE2D000C6DDEB /* AudioCell.xib in Resources */,
				6BC8872923EB63340046E598 /* Assets.xcassets in Resources */,
				6BE1B5E023FAAC730052A860 /* mentory_en.json in Resources */,
				6B1518662419157000C4A272 /* SlideCell.xib in Resources */,
			);
			runOnlyForDeploymentPostprocessing = 0;
		};
/* End PBXResourcesBuildPhase section */

/* Begin PBXShellScriptBuildPhase section */
		6B65852A23ED55C8004016BA /* Swiftformat */ = {
			isa = PBXShellScriptBuildPhase;
			buildActionMask = 2147483647;
			files = (
			);
			inputFileListPaths = (
			);
			inputPaths = (
			);
			name = Swiftformat;
			outputFileListPaths = (
			);
			outputPaths = (
			);
			runOnlyForDeploymentPostprocessing = 0;
			shellPath = /bin/sh;
			shellScript = "if which swiftformat >/dev/null; then\nswiftformat .\nelse\necho \"warning: SwiftFormat not installed, download from https://github.com/nicklockwood/SwiftFormat\"\nfi\n";
		};
		6B65852B23ED55ED004016BA /* Swiftlint */ = {
			isa = PBXShellScriptBuildPhase;
			buildActionMask = 2147483647;
			files = (
			);
			inputFileListPaths = (
			);
			inputPaths = (
			);
			name = Swiftlint;
			outputFileListPaths = (
			);
			outputPaths = (
			);
			runOnlyForDeploymentPostprocessing = 0;
			shellPath = /bin/sh;
			shellScript = "if which swiftlint >/dev/null; then\nswiftlint\nelse\necho \"warning: SwiftLint not installed, download from https://github.com/realm/SwiftLint\"\nfi\n";
		};
		A345F17FD96287B60F2B6FB9 /* [CP] Check Pods Manifest.lock */ = {
			isa = PBXShellScriptBuildPhase;
			buildActionMask = 2147483647;
			files = (
			);
			inputFileListPaths = (
			);
			inputPaths = (
				"${PODS_PODFILE_DIR_PATH}/Podfile.lock",
				"${PODS_ROOT}/Manifest.lock",
			);
			name = "[CP] Check Pods Manifest.lock";
			outputFileListPaths = (
			);
			outputPaths = (
				"$(DERIVED_FILE_DIR)/Pods-mentory-checkManifestLockResult.txt",
			);
			runOnlyForDeploymentPostprocessing = 0;
			shellPath = /bin/sh;
			shellScript = "diff \"${PODS_PODFILE_DIR_PATH}/Podfile.lock\" \"${PODS_ROOT}/Manifest.lock\" > /dev/null\nif [ $? != 0 ] ; then\n    # print error to STDERR\n    echo \"error: The sandbox is not in sync with the Podfile.lock. Run 'pod install' or update your CocoaPods installation.\" >&2\n    exit 1\nfi\n# This output is used by Xcode 'outputs' to avoid re-running this script phase.\necho \"SUCCESS\" > \"${SCRIPT_OUTPUT_FILE_0}\"\n";
			showEnvVarsInLog = 0;
		};
		BC8BBFF1352D099DC5CD3BA5 /* [CP] Embed Pods Frameworks */ = {
			isa = PBXShellScriptBuildPhase;
			buildActionMask = 2147483647;
			files = (
			);
			inputFileListPaths = (
				"${PODS_ROOT}/Target Support Files/Pods-mentory/Pods-mentory-frameworks-${CONFIGURATION}-input-files.xcfilelist",
			);
			name = "[CP] Embed Pods Frameworks";
			outputFileListPaths = (
				"${PODS_ROOT}/Target Support Files/Pods-mentory/Pods-mentory-frameworks-${CONFIGURATION}-output-files.xcfilelist",
			);
			runOnlyForDeploymentPostprocessing = 0;
			shellPath = /bin/sh;
			shellScript = "\"${PODS_ROOT}/Target Support Files/Pods-mentory/Pods-mentory-frameworks.sh\"\n";
			showEnvVarsInLog = 0;
		};
/* End PBXShellScriptBuildPhase section */

/* Begin PBXSourcesBuildPhase section */
		6BC8871823EB63320046E598 /* Sources */ = {
			isa = PBXSourcesBuildPhase;
			buildActionMask = 2147483647;
			files = (
				6BAB96FC23EDA9B400354E39 /* ImageBasedTransitionManager.swift in Sources */,
				6BF9EA7C23ED7F3A0006066E /* MainPageInteractor.swift in Sources */,
				6B65851323ED5391004016BA /* Lesson.swift in Sources */,
				6B15185A2419145D00C4A272 /* OnboardingController.swift in Sources */,
				6B7A518723EE3BCE009D3047 /* PlayerView.swift in Sources */,
				6BC24FB723EDA5E70054C8B9 /* LessonView.swift in Sources */,
				6BF2C3CC23EE48850023425E /* MP3Player.swift in Sources */,
				6B5B8ED523EE96620001A6C3 /* UIView+LoadingView.swift in Sources */,
				6BC24FAC23ED945B0054C8B9 /* TryPremiumCell.swift in Sources */,
				6B72F74A24589F5C00A18738 /* MDCheckmarkView.swift in Sources */,
				6BC24FB523EDA5E70054C8B9 /* LessonController.swift in Sources */,
				6B032CF823ED770400662BF5 /* LessonCell.swift in Sources */,
				6B032CF423ED767700662BF5 /* MainPageDataSource.swift in Sources */,
				6B65853023ED5726004016BA /* Assets.swift in Sources */,
				6B72F74524589ECA00A18738 /* PersonalCategoryCell.swift in Sources */,
				6BAB96FD23EDA9B400354E39 /* ImageBasedContextTransitioning.swift in Sources */,
				6BC8872423EB63320046E598 /* MainPageController.swift in Sources */,
				6B15185C2419145D00C4A272 /* OnboardingView.swift in Sources */,
				6B8F0801245317330070B7E1 /* NameView.swift in Sources */,
				6B65851923ED53B3004016BA /* MainPageServiceProtocol.swift in Sources */,
				6B9A90DA2406A84B0018E4E6 /* BuyController.swift in Sources */,
				6B9A90DB2406A84B0018E4E6 /* BuyInteractor.swift in Sources */,
				6BA82409240D2C5500536CF4 /* IAPService.swift in Sources */,
				6B797016243D2C3600BE673E /* ItunesApi.swift in Sources */,
				6B90A773241A896C00B7A7BB /* StyleUtils.swift in Sources */,
				6B72F7522458B5B400A18738 /* PersonalizationTitleView.swift in Sources */,
				6BC8872023EB63320046E598 /* AppDelegate.swift in Sources */,
				6B65851723ED53B3004016BA /* MentoryServiceFactory.swift in Sources */,
				6BAB96FF23EE1DAD00354E39 /* LessonControllerModels.swift in Sources */,
				6B9A90DC2406A84B0018E4E6 /* BuyView.swift in Sources */,
				6BA8240B240D473F00536CF4 /* BuyModels.swift in Sources */,
				6BF9728D24589B26007E3BB6 /* PersonalCategoriesInteractor.swift in Sources */,
				6B797018243D339800BE673E /* ItunesModels.swift in Sources */,
				6BA09A7B23FA95A700C95B08 /* DataManager.swift in Sources */,
				6BA848F823FAB2AC00C6DDEB /* MDHeaderView.swift in Sources */,
				6BAB96FB23EDA9B400354E39 /* ImagePushAnimatedTransition.swift in Sources */,
				6BF9728C24589B26007E3BB6 /* PersonalCategoriesController.swift in Sources */,
				6BF9728E24589B26007E3BB6 /* PersonalCategoriesView.swift in Sources */,
				6B032CEB23ED708F00662BF5 /* MainPageView.swift in Sources */,
				6B72F74824589F3200A18738 /* MDCheckbox.swift in Sources */,
				6BAB96FA23EDA9B400354E39 /* ImagePopAnimatedTransition.swift in Sources */,
				6B50D01E240D989900202DA6 /* NotificationNames.swift in Sources */,
				6B15185F2419151500C4A272 /* SlidesDataSource.swift in Sources */,
				6B6840DE245635AC000F3AF1 /* NextInputView.swift in Sources */,
				6B72F74324589E5C00A18738 /* PersonalCategory.swift in Sources */,
				6B72F74E2458A06400A18738 /* ExtensionUIView.swift in Sources */,
				6B65853123ED5726004016BA /* Texts.swift in Sources */,
				6B72F74C24589FD300A18738 /* ExtensionUIImage.swift in Sources */,
				6B65853223ED5726004016BA /* Fonts.swift in Sources */,
				6B032CEE23ED750F00662BF5 /* MainPageViewModels.swift in Sources */,
				6BE5A91223ED8B66005D65CC /* TitleCell.swift in Sources */,
				6B1518652419157000C4A272 /* SlideCell.swift in Sources */,
				6B27507B2419B01300FBC8D2 /* TryPremiumView.swift in Sources */,
				6B205A82241FA5E30083D934 /* MainPagePurchaseCellViewModel.swift in Sources */,
				6B65851823ED53B3004016BA /* MainPageServiceMock.swift in Sources */,
				6B7D9D6B23FAE92F003F7B45 /* LessonViewDataSource.swift in Sources */,
				6B7D9D6823FAE521003F7B45 /* NextLessonCell.swift in Sources */,
				6BA82407240D2C1100536CF4 /* IAPProduct.swift in Sources */,
				6BA09A7D23FAA10C00C95B08 /* Track.swift in Sources */,
				6B1518682419159200C4A272 /* OnboardingModels.swift in Sources */,
				6B8F07FF245317330070B7E1 /* NameController.swift in Sources */,
				6BAB96F923EDA9B400354E39 /* ViewImageBasedAnimatable.swift in Sources */,
				6BAB96F823EDA9B400354E39 /* SwipeInteractionController.swift in Sources */,
				6B7A518523EE3BCE009D3047 /* PlayerController.swift in Sources */,
				6BA848FC23FAE26D00C6DDEB /* LessonHeaderCell.swift in Sources */,
				6B72F74024589DCD00A18738 /* PersonalCategoriesDataSource.swift in Sources */,
				6B032CE923ED6D8A00662BF5 /* ExtensionUINavigationBar.swift in Sources */,
				6B205A80241FA2990083D934 /* MainPageCellViewModel.swift in Sources */,
				6B689F09241F9D620078FDC7 /* MainPageSectionHeader.swift in Sources */,
				6BB322BA2410E70A006CD926 /* ExtensionFloat.swift in Sources */,
				6BA8490323FAE2D000C6DDEB /* AudioCell.swift in Sources */,
			);
			runOnlyForDeploymentPostprocessing = 0;
		};
/* End PBXSourcesBuildPhase section */

/* Begin PBXVariantGroup section */
		6B65852123ED5494004016BA /* Localizable.strings */ = {
			isa = PBXVariantGroup;
			children = (
				6B65852023ED5494004016BA /* en */,
				6B65852223ED54A1004016BA /* ru */,
			);
			name = Localizable.strings;
			sourceTree = "<group>";
		};
/* End PBXVariantGroup section */

/* Begin XCBuildConfiguration section */
		6BC8872E23EB63340046E598 /* Debug */ = {
			isa = XCBuildConfiguration;
			buildSettings = {
				ALWAYS_SEARCH_USER_PATHS = NO;
				CLANG_ANALYZER_LOCALIZABILITY_NONLOCALIZED = YES;
				CLANG_ANALYZER_NONNULL = YES;
				CLANG_ANALYZER_NUMBER_OBJECT_CONVERSION = YES_AGGRESSIVE;
				CLANG_CXX_LANGUAGE_STANDARD = "gnu++14";
				CLANG_CXX_LIBRARY = "libc++";
				CLANG_ENABLE_MODULES = YES;
				CLANG_ENABLE_OBJC_ARC = YES;
				CLANG_ENABLE_OBJC_WEAK = YES;
				CLANG_WARN_BLOCK_CAPTURE_AUTORELEASING = YES;
				CLANG_WARN_BOOL_CONVERSION = YES;
				CLANG_WARN_COMMA = YES;
				CLANG_WARN_CONSTANT_CONVERSION = YES;
				CLANG_WARN_DEPRECATED_OBJC_IMPLEMENTATIONS = YES;
				CLANG_WARN_DIRECT_OBJC_ISA_USAGE = YES_ERROR;
				CLANG_WARN_DOCUMENTATION_COMMENTS = YES;
				CLANG_WARN_EMPTY_BODY = YES;
				CLANG_WARN_ENUM_CONVERSION = YES;
				CLANG_WARN_INFINITE_RECURSION = YES;
				CLANG_WARN_INT_CONVERSION = YES;
				CLANG_WARN_NON_LITERAL_NULL_CONVERSION = YES;
				CLANG_WARN_OBJC_IMPLICIT_RETAIN_SELF = YES;
				CLANG_WARN_OBJC_LITERAL_CONVERSION = YES;
				CLANG_WARN_OBJC_ROOT_CLASS = YES_ERROR;
				CLANG_WARN_RANGE_LOOP_ANALYSIS = YES;
				CLANG_WARN_STRICT_PROTOTYPES = YES;
				CLANG_WARN_SUSPICIOUS_MOVE = YES;
				CLANG_WARN_UNGUARDED_AVAILABILITY = YES_AGGRESSIVE;
				CLANG_WARN_UNREACHABLE_CODE = YES;
				CLANG_WARN__DUPLICATE_METHOD_MATCH = YES;
				COPY_PHASE_STRIP = NO;
				DEBUG_INFORMATION_FORMAT = dwarf;
				ENABLE_STRICT_OBJC_MSGSEND = YES;
				ENABLE_TESTABILITY = YES;
				GCC_C_LANGUAGE_STANDARD = gnu11;
				GCC_DYNAMIC_NO_PIC = NO;
				GCC_NO_COMMON_BLOCKS = YES;
				GCC_OPTIMIZATION_LEVEL = 0;
				GCC_PREPROCESSOR_DEFINITIONS = (
					"DEBUG=1",
					"$(inherited)",
				);
				GCC_WARN_64_TO_32_BIT_CONVERSION = YES;
				GCC_WARN_ABOUT_RETURN_TYPE = YES_ERROR;
				GCC_WARN_UNDECLARED_SELECTOR = YES;
				GCC_WARN_UNINITIALIZED_AUTOS = YES_AGGRESSIVE;
				GCC_WARN_UNUSED_FUNCTION = YES;
				GCC_WARN_UNUSED_VARIABLE = YES;
				IPHONEOS_DEPLOYMENT_TARGET = 11.0;
				MTL_ENABLE_DEBUG_INFO = INCLUDE_SOURCE;
				MTL_FAST_MATH = YES;
				ONLY_ACTIVE_ARCH = YES;
				SDKROOT = iphoneos;
				SWIFT_ACTIVE_COMPILATION_CONDITIONS = DEBUG;
				SWIFT_OPTIMIZATION_LEVEL = "-Onone";
			};
			name = Debug;
		};
		6BC8872F23EB63340046E598 /* Release */ = {
			isa = XCBuildConfiguration;
			buildSettings = {
				ALWAYS_SEARCH_USER_PATHS = NO;
				CLANG_ANALYZER_LOCALIZABILITY_NONLOCALIZED = YES;
				CLANG_ANALYZER_NONNULL = YES;
				CLANG_ANALYZER_NUMBER_OBJECT_CONVERSION = YES_AGGRESSIVE;
				CLANG_CXX_LANGUAGE_STANDARD = "gnu++14";
				CLANG_CXX_LIBRARY = "libc++";
				CLANG_ENABLE_MODULES = YES;
				CLANG_ENABLE_OBJC_ARC = YES;
				CLANG_ENABLE_OBJC_WEAK = YES;
				CLANG_WARN_BLOCK_CAPTURE_AUTORELEASING = YES;
				CLANG_WARN_BOOL_CONVERSION = YES;
				CLANG_WARN_COMMA = YES;
				CLANG_WARN_CONSTANT_CONVERSION = YES;
				CLANG_WARN_DEPRECATED_OBJC_IMPLEMENTATIONS = YES;
				CLANG_WARN_DIRECT_OBJC_ISA_USAGE = YES_ERROR;
				CLANG_WARN_DOCUMENTATION_COMMENTS = YES;
				CLANG_WARN_EMPTY_BODY = YES;
				CLANG_WARN_ENUM_CONVERSION = YES;
				CLANG_WARN_INFINITE_RECURSION = YES;
				CLANG_WARN_INT_CONVERSION = YES;
				CLANG_WARN_NON_LITERAL_NULL_CONVERSION = YES;
				CLANG_WARN_OBJC_IMPLICIT_RETAIN_SELF = YES;
				CLANG_WARN_OBJC_LITERAL_CONVERSION = YES;
				CLANG_WARN_OBJC_ROOT_CLASS = YES_ERROR;
				CLANG_WARN_RANGE_LOOP_ANALYSIS = YES;
				CLANG_WARN_STRICT_PROTOTYPES = YES;
				CLANG_WARN_SUSPICIOUS_MOVE = YES;
				CLANG_WARN_UNGUARDED_AVAILABILITY = YES_AGGRESSIVE;
				CLANG_WARN_UNREACHABLE_CODE = YES;
				CLANG_WARN__DUPLICATE_METHOD_MATCH = YES;
				COPY_PHASE_STRIP = NO;
				DEBUG_INFORMATION_FORMAT = "dwarf-with-dsym";
				ENABLE_NS_ASSERTIONS = NO;
				ENABLE_STRICT_OBJC_MSGSEND = YES;
				GCC_C_LANGUAGE_STANDARD = gnu11;
				GCC_NO_COMMON_BLOCKS = YES;
				GCC_WARN_64_TO_32_BIT_CONVERSION = YES;
				GCC_WARN_ABOUT_RETURN_TYPE = YES_ERROR;
				GCC_WARN_UNDECLARED_SELECTOR = YES;
				GCC_WARN_UNINITIALIZED_AUTOS = YES_AGGRESSIVE;
				GCC_WARN_UNUSED_FUNCTION = YES;
				GCC_WARN_UNUSED_VARIABLE = YES;
				IPHONEOS_DEPLOYMENT_TARGET = 11.0;
				MTL_ENABLE_DEBUG_INFO = NO;
				MTL_FAST_MATH = YES;
				SDKROOT = iphoneos;
				SWIFT_COMPILATION_MODE = wholemodule;
				SWIFT_OPTIMIZATION_LEVEL = "-O";
				VALIDATE_PRODUCT = YES;
			};
			name = Release;
		};
		6BC8873123EB63340046E598 /* Debug */ = {
			isa = XCBuildConfiguration;
			baseConfigurationReference = 66255C29B55EF1CBBF82831F /* Pods-mentory.debug.xcconfig */;
			buildSettings = {
				ASSETCATALOG_COMPILER_APPICON_NAME = AppIcon;
				CODE_SIGN_ENTITLEMENTS = mentory/Mentory.entitlements;
				CODE_SIGN_IDENTITY = "iPhone Developer";
				CODE_SIGN_STYLE = Manual;
				CURRENT_PROJECT_VERSION = 1;
				DEVELOPMENT_TEAM = HY59K9S4C6;
				INFOPLIST_FILE = mentory/MainFiles/Info.plist;
				IPHONEOS_DEPLOYMENT_TARGET = 11.0;
				LD_RUNPATH_SEARCH_PATHS = (
					"$(inherited)",
					"@executable_path/Frameworks",
				);
				MARKETING_VERSION = 1.1.3;
				PRODUCT_BUNDLE_IDENTIFIER = ru.deltapps.mentory;
				PRODUCT_NAME = Mentory;
				PROVISIONING_PROFILE_SPECIFIER = "MentoryApp (Debug)";
				SWIFT_VERSION = 5.0;
				TARGETED_DEVICE_FAMILY = "1,2";
			};
			name = Debug;
		};
		6BC8873223EB63340046E598 /* Release */ = {
			isa = XCBuildConfiguration;
			baseConfigurationReference = CAD9FC5E1F4B803FE4038D39 /* Pods-mentory.release.xcconfig */;
			buildSettings = {
				ASSETCATALOG_COMPILER_APPICON_NAME = AppIcon;
				CODE_SIGN_ENTITLEMENTS = mentory/Mentory.entitlements;
				CODE_SIGN_IDENTITY = "iPhone Developer";
				CODE_SIGN_STYLE = Manual;
				CURRENT_PROJECT_VERSION = 1;
				DEVELOPMENT_TEAM = HY59K9S4C6;
				INFOPLIST_FILE = mentory/MainFiles/Info.plist;
				IPHONEOS_DEPLOYMENT_TARGET = 11.0;
				LD_RUNPATH_SEARCH_PATHS = (
					"$(inherited)",
					"@executable_path/Frameworks",
				);
				MARKETING_VERSION = 1.1.3;
				PRODUCT_BUNDLE_IDENTIFIER = ru.deltapps.mentory;
				PRODUCT_NAME = Mentory;
				PROVISIONING_PROFILE_SPECIFIER = "MentoryApp (Debug)";
				SWIFT_VERSION = 5.0;
				TARGETED_DEVICE_FAMILY = "1,2";
			};
			name = Release;
		};
/* End XCBuildConfiguration section */

/* Begin XCConfigurationList section */
		6BC8871723EB63320046E598 /* Build configuration list for PBXProject "mentory" */ = {
			isa = XCConfigurationList;
			buildConfigurations = (
				6BC8872E23EB63340046E598 /* Debug */,
				6BC8872F23EB63340046E598 /* Release */,
			);
			defaultConfigurationIsVisible = 0;
			defaultConfigurationName = Release;
		};
		6BC8873023EB63340046E598 /* Build configuration list for PBXNativeTarget "mentory" */ = {
			isa = XCConfigurationList;
			buildConfigurations = (
				6BC8873123EB63340046E598 /* Debug */,
				6BC8873223EB63340046E598 /* Release */,
			);
			defaultConfigurationIsVisible = 0;
			defaultConfigurationName = Release;
		};
/* End XCConfigurationList section */
	};
	rootObject = 6BC8871423EB63320046E598 /* Project object */;
}
